<?xml version="1.0" encoding="utf-8"?>
<Project ToolsVersion="4.0" xmlns="http://schemas.microsoft.com/developer/msbuild/2003">
  <ItemGroup>
    <Filter Include="HackerRank">
      <UniqueIdentifier>{1335e3d3-ace1-4fd0-abcf-7a49f05ae481}</UniqueIdentifier>
    </Filter>
    <Filter Include="Baekjoon">
      <UniqueIdentifier>{37595714-1888-4e2e-a80e-04e512902a4c}</UniqueIdentifier>
    </Filter>
    <Filter Include="CodinGame">
      <UniqueIdentifier>{8889100e-2fd1-49e3-bc4f-6aac196485ca}</UniqueIdentifier>
    </Filter>
    <Filter Include="HackerRank\InterviewPack">
      <UniqueIdentifier>{3f6c481a-5aaa-46b0-8697-0886bd458c4a}</UniqueIdentifier>
    </Filter>
    <Filter Include="HackerRank\InterviewPack\Warm-up">
      <UniqueIdentifier>{4cbe37dd-f60f-46de-87f2-3207578199a4}</UniqueIdentifier>
    </Filter>
    <Filter Include="HackerRank\InterviewPack\Arrays">
      <UniqueIdentifier>{77aaa83e-b195-4a07-a681-e410163e108e}</UniqueIdentifier>
    </Filter>
    <Filter Include="HackerRank\InterviewPack\Sorting">
      <UniqueIdentifier>{d9a22cfe-56f7-425f-bc54-ed3b3b371eb0}</UniqueIdentifier>
    </Filter>
    <Filter Include="HackerRank\InterviewPack\DictionariesandHashmaps">
      <UniqueIdentifier>{344ab60d-0497-4c6e-8e4d-e8af6e2accda}</UniqueIdentifier>
    </Filter>
    <Filter Include="HackerRank\InterviewPack\StringManipulation">
      <UniqueIdentifier>{de20ea02-c4dc-4c25-800d-e9d61cccac10}</UniqueIdentifier>
    </Filter>
  </ItemGroup>
  <ItemGroup>
    <ClCompile Include="SockMerchant.cpp">
      <Filter>HackerRank\InterviewPack\Warm-up</Filter>
    </ClCompile>
    <ClCompile Include="CountingValleys.cpp">
      <Filter>HackerRank\InterviewPack\Warm-up</Filter>
    </ClCompile>
    <ClCompile Include="JumpingontheClouds.cpp">
      <Filter>HackerRank\InterviewPack\Warm-up</Filter>
    </ClCompile>
    <ClCompile Include="RepeatedString.cpp">
      <Filter>HackerRank\InterviewPack\Warm-up</Filter>
    </ClCompile>
    <ClCompile Include="2DArray-DS.cpp">
      <Filter>HackerRank\InterviewPack\Arrays</Filter>
    </ClCompile>
    <ClCompile Include="LeftRotation.cpp">
      <Filter>HackerRank\InterviewPack\Arrays</Filter>
    </ClCompile>
    <ClCompile Include="NextYearChaos.cpp">
      <Filter>HackerRank\InterviewPack\Arrays</Filter>
    </ClCompile>
    <ClCompile Include="RansomNote.cpp">
      <Filter>HackerRank\InterviewPack\DictionariesandHashmaps</Filter>
    </ClCompile>
    <ClCompile Include="SherlockAndAnagrams.cpp">
      <Filter>HackerRank\InterviewPack\DictionariesandHashmaps</Filter>
    </ClCompile>
    <ClCompile Include="TwoStrings.cpp">
      <Filter>HackerRank\InterviewPack\DictionariesandHashmaps</Filter>
    </ClCompile>
    <ClCompile Include="BubbleSort.cpp">
      <Filter>HackerRank\InterviewPack\Sorting</Filter>
    </ClCompile>
    <ClCompile Include="MarkandToys.cpp">
      <Filter>HackerRank\InterviewPack\Sorting</Filter>
    </ClCompile>
    <ClCompile Include="Comparator.cpp">
      <Filter>HackerRank\InterviewPack\Sorting</Filter>
    </ClCompile>
    <ClCompile Include="MakingAnagrams.cpp">
      <Filter>HackerRank\InterviewPack\StringManipulation</Filter>
    </ClCompile>
    <ClCompile Include="AlternatingCharacters.cpp">
      <Filter>HackerRank\InterviewPack\StringManipulation</Filter>
    </ClCompile>
    <ClCompile Include="SherlockandtheValidString.cpp">
      <Filter>HackerRank\InterviewPack\StringManipulation</Filter>
    </ClCompile>
    <ClCompile Include="SpecialPalindromeAgain.cpp">
      <Filter>HackerRank\InterviewPack\StringManipulation</Filter>
    </ClCompile>
  </ItemGroup>
</Project>